
Microsoft Visual Studio Solution File, Format Version 12.00
# Visual Studio 15
VisualStudioVersion = 15.0.27428.2027
MinimumVisualStudioVersion = 10.0.40219.1
Project("{9A19103F-16F7-4668-BE54-9A1E7A4F7556}") = "AllocationProfilingService", "AllocationProfilingService\AllocationProfilingService.csproj", "{B17F0AEF-9277-4701-9138-F315F028FEF7}"
EndProject
Project("{FAE04EC0-301F-11D3-BF4B-00C04F79EFBC}") = "AllocationProfilingServiceUnitTest", "AllocationProfilingServiceUnitTest\AllocationProfilingServiceUnitTest.csproj", "{B7C3EC22-969E-41EF-85BC-F78A995B5E48}"
EndProject
Project("{9A19103F-16F7-4668-BE54-9A1E7A4F7556}") = "FundingProfilePatternBindings", "FundingProfilePatternBindings\FundingProfilePatternBindings.csproj", "{F8BF5787-84A6-40F3-B464-9668445AC748}"
EndProject
Global
	GlobalSection(SolutionConfigurationPlatforms) = preSolution
		Debug|Any CPU = Debug|Any CPU
		Release|Any CPU = Release|Any CPU
	EndGlobalSection
	GlobalSection(ProjectConfigurationPlatforms) = postSolution
		{B17F0AEF-9277-4701-9138-F315F028FEF7}.Debug|Any CPU.ActiveCfg = Debug|Any CPU
		{B17F0AEF-9277-4701-9138-F315F028FEF7}.Debug|Any CPU.Build.0 = Debug|Any CPU
		{B17F0AEF-9277-4701-9138-F315F028FEF7}.Release|Any CPU.ActiveCfg = Release|Any CPU
		{B17F0AEF-9277-4701-9138-F315F028FEF7}.Release|Any CPU.Build.0 = Release|Any CPU
		{B7C3EC22-969E-41EF-85BC-F78A995B5E48}.Debug|Any CPU.ActiveCfg = Debug|Any CPU
		{B7C3EC22-969E-41EF-85BC-F78A995B5E48}.Debug|Any CPU.Build.0 = Debug|Any CPU
		{B7C3EC22-969E-41EF-85BC-F78A995B5E48}.Release|Any CPU.ActiveCfg = Release|Any CPU
		{B7C3EC22-969E-41EF-85BC-F78A995B5E48}.Release|Any CPU.Build.0 = Release|Any CPU
		{F8BF5787-84A6-40F3-B464-9668445AC748}.Debug|Any CPU.ActiveCfg = Debug|Any CPU
		{F8BF5787-84A6-40F3-B464-9668445AC748}.Debug|Any CPU.Build.0 = Debug|Any CPU
		{F8BF5787-84A6-40F3-B464-9668445AC748}.Release|Any CPU.ActiveCfg = Release|Any CPU
		{F8BF5787-84A6-40F3-B464-9668445AC748}.Release|Any CPU.Build.0 = Release|Any CPU
	EndGlobalSection
	GlobalSection(SolutionProperties) = preSolution
		HideSolutionNode = FALSE
	EndGlobalSection
	GlobalSection(ExtensibilityGlobals) = postSolution
		SolutionGuid = {1143C23B-3C65-4EE3-976A-9D847F755081}
	EndGlobalSection
EndGlobal
